
Microsoft Visual Studio Solution File, Format Version 12.00
# Visual Studio Version 16
VisualStudioVersion = 16.0.30517.126
MinimumVisualStudioVersion = 10.0.40219.1
Project("{FAE04EC0-301F-11D3-BF4B-00C04F79EFBC}") = "CoffeeMachine_H2", "CoffeeMachine_H2\CoffeeMachine_H2.csproj", "{6FDE0189-F957-4B0B-A820-2F106D84E93A}"
EndProject
Global
	GlobalSection(SolutionConfigurationPlatforms) = preSolution
		Debug|Any CPU = Debug|Any CPU
		Release|Any CPU = Release|Any CPU
	EndGlobalSection
	GlobalSection(ProjectConfigurationPlatforms) = postSolution
		{6FDE0189-F957-4B0B-A820-2F106D84E93A}.Debug|Any CPU.ActiveCfg = Debug|Any CPU
		{6FDE0189-F957-4B0B-A820-2F106D84E93A}.Debug|Any CPU.Build.0 = Debug|Any CPU
		{6FDE0189-F957-4B0B-A820-2F106D84E93A}.Release|Any CPU.ActiveCfg = Release|Any CPU
		{6FDE0189-F957-4B0B-A820-2F106D84E93A}.Release|Any CPU.Build.0 = Release|Any CPU
	EndGlobalSection
	GlobalSection(SolutionProperties) = preSolution
		HideSolutionNode = FALSE
	EndGlobalSection
	GlobalSection(ExtensibilityGlobals) = postSolution
		SolutionGuid = {56B7A5BF-2A4D-401C-B8AE-43D4DCF18282}
	EndGlobalSection
EndGlobal
